Microsoft Visual Studio Solution File, Format Version 12.00
# Visual Studio Version 17
VisualStudioVersion = 17.5.2.0
MinimumVisualStudioVersion = 10.0.40219.1
Project("{FAE04EC0-301F-11D3-BF4B-00C04F79EFBC}") = "CustomTcpServer", "CustomTcpServer.csproj", "{251FEEC1-1226-7266-6FAC-AB70A4DBFD64}"
EndProject
Global
	GlobalSection(SolutionConfigurationPlatforms) = preSolution
		Debug|Any CPU = Debug|Any CPU
		Release|Any CPU = Release|Any CPU
	EndGlobalSection
	GlobalSection(ProjectConfigurationPlatforms) = postSolution
		{251FEEC1-1226-7266-6FAC-AB70A4DBFD64}.Debug|Any CPU.ActiveCfg = Debug|Any CPU
		{251FEEC1-1226-7266-6FAC-AB70A4DBFD64}.Debug|Any CPU.Build.0 = Debug|Any CPU
		{251FEEC1-1226-7266-6FAC-AB70A4DBFD64}.Release|Any CPU.ActiveCfg = Release|Any CPU
		{251FEEC1-1226-7266-6FAC-AB70A4DBFD64}.Release|Any CPU.Build.0 = Release|Any CPU
	EndGlobalSection
	GlobalSection(SolutionProperties) = preSolution
		HideSolutionNode = FALSE
	EndGlobalSection
	GlobalSection(ExtensibilityGlobals) = postSolution
		SolutionGuid = {B2F477C9-8544-4F42-BC9E-880F4F6606D4}
	EndGlobalSection
EndGlobal
